
Microsoft Visual Studio Solution File, Format Version 12.00
# Visual Studio Version 17
VisualStudioVersion = 17.10.34928.147
MinimumVisualStudioVersion = 10.0.40219.1
Project("{FAE04EC0-301F-11D3-BF4B-00C04F79EFBC}") = "RM220930_SCADA_Reciprocatore", "RM220930_SCADA_Reciprocatore\RM220930_SCADA_Reciprocatore.csproj", "{79CAD77D-4809-46A2-8801-B612285AFE3C}"
EndProject
Project("{9A19103F-16F7-4668-BE54-9A1E7A4F7556}") = "RMLib.PLC", "..\RMLib\RMLib.PLC\RMLib.PLC\RMLib.PLC.csproj", "{6ACB4E7A-D416-46F8-836C-35509BA2FA7F}"
EndProject
Global
	GlobalSection(SolutionConfigurationPlatforms) = preSolution
		Debug|Any CPU = Debug|Any CPU
		Release|Any CPU = Release|Any CPU
	EndGlobalSection
	GlobalSection(ProjectConfigurationPlatforms) = postSolution
		{79CAD77D-4809-46A2-8801-B612285AFE3C}.Debug|Any CPU.ActiveCfg = Debug|Any CPU
		{79CAD77D-4809-46A2-8801-B612285AFE3C}.Debug|Any CPU.Build.0 = Debug|Any CPU
		{79CAD77D-4809-46A2-8801-B612285AFE3C}.Release|Any CPU.ActiveCfg = Release|Any CPU
		{79CAD77D-4809-46A2-8801-B612285AFE3C}.Release|Any CPU.Build.0 = Release|Any CPU
		{6ACB4E7A-D416-46F8-836C-35509BA2FA7F}.Debug|Any CPU.ActiveCfg = Debug|Any CPU
		{6ACB4E7A-D416-46F8-836C-35509BA2FA7F}.Debug|Any CPU.Build.0 = Debug|Any CPU
		{6ACB4E7A-D416-46F8-836C-35509BA2FA7F}.Release|Any CPU.ActiveCfg = Release|Any CPU
		{6ACB4E7A-D416-46F8-836C-35509BA2FA7F}.Release|Any CPU.Build.0 = Release|Any CPU
	EndGlobalSection
	GlobalSection(SolutionProperties) = preSolution
		HideSolutionNode = FALSE
	EndGlobalSection
	GlobalSection(ExtensibilityGlobals) = postSolution
		SolutionGuid = {563A4941-AAF4-409E-B6E3-E2E22619A718}
	EndGlobalSection
EndGlobal
